
Microsoft Visual Studio Solution File, Format Version 12.00
# Visual Studio 15
VisualStudioVersion = 15.0.26720.2
MinimumVisualStudioVersion = 10.0.40219.1
Project("{FAE04EC0-301F-11D3-BF4B-00C04F79EFBC}") = "Heroes-Mod-Loader", "Heroes-Mod-Loader\Heroes-Mod-Loader.csproj", "{9B53DF17-658B-48E2-AE75-96E1EBF86218}"
EndProject
Project("{FAE04EC0-301F-11D3-BF4B-00C04F79EFBC}") = "Heroes-Mod-Loader-Config", "Heroes-Mod-Loader-Config\Heroes-Mod-Loader-Config.csproj", "{6F73D5A1-50B2-40B8-A28D-6B12018BF5AC}"
EndProject
Project("{FAE04EC0-301F-11D3-BF4B-00C04F79EFBC}") = "libSonicHeroes", "libSonicHeroes\libSonicHeroes\libSonicHeroes.csproj", "{E34EF040-EC6D-4DDC-B71A-76CE7AFA3FDF}"
EndProject
Global
	GlobalSection(SolutionConfigurationPlatforms) = preSolution
		Debug|Any CPU = Debug|Any CPU
		Debug|x86 = Debug|x86
		Release|Any CPU = Release|Any CPU
		Release|x86 = Release|x86
	EndGlobalSection
	GlobalSection(ProjectConfigurationPlatforms) = postSolution
		{9B53DF17-658B-48E2-AE75-96E1EBF86218}.Debug|Any CPU.ActiveCfg = Debug|Any CPU
		{9B53DF17-658B-48E2-AE75-96E1EBF86218}.Debug|Any CPU.Build.0 = Debug|Any CPU
		{9B53DF17-658B-48E2-AE75-96E1EBF86218}.Debug|x86.ActiveCfg = Debug|Any CPU
		{9B53DF17-658B-48E2-AE75-96E1EBF86218}.Debug|x86.Build.0 = Debug|Any CPU
		{9B53DF17-658B-48E2-AE75-96E1EBF86218}.Release|Any CPU.ActiveCfg = Release|Any CPU
		{9B53DF17-658B-48E2-AE75-96E1EBF86218}.Release|Any CPU.Build.0 = Release|Any CPU
		{9B53DF17-658B-48E2-AE75-96E1EBF86218}.Release|x86.ActiveCfg = Release|Any CPU
		{9B53DF17-658B-48E2-AE75-96E1EBF86218}.Release|x86.Build.0 = Release|Any CPU
		{6F73D5A1-50B2-40B8-A28D-6B12018BF5AC}.Debug|Any CPU.ActiveCfg = Debug|Any CPU
		{6F73D5A1-50B2-40B8-A28D-6B12018BF5AC}.Debug|Any CPU.Build.0 = Debug|Any CPU
		{6F73D5A1-50B2-40B8-A28D-6B12018BF5AC}.Debug|x86.ActiveCfg = Debug|Any CPU
		{6F73D5A1-50B2-40B8-A28D-6B12018BF5AC}.Debug|x86.Build.0 = Debug|Any CPU
		{6F73D5A1-50B2-40B8-A28D-6B12018BF5AC}.Release|Any CPU.ActiveCfg = Release|Any CPU
		{6F73D5A1-50B2-40B8-A28D-6B12018BF5AC}.Release|Any CPU.Build.0 = Release|Any CPU
		{6F73D5A1-50B2-40B8-A28D-6B12018BF5AC}.Release|x86.ActiveCfg = Release|x86
		{6F73D5A1-50B2-40B8-A28D-6B12018BF5AC}.Release|x86.Build.0 = Release|x86
		{E34EF040-EC6D-4DDC-B71A-76CE7AFA3FDF}.Debug|Any CPU.ActiveCfg = Debug|Any CPU
		{E34EF040-EC6D-4DDC-B71A-76CE7AFA3FDF}.Debug|Any CPU.Build.0 = Debug|Any CPU
		{E34EF040-EC6D-4DDC-B71A-76CE7AFA3FDF}.Debug|x86.ActiveCfg = Debug|Any CPU
		{E34EF040-EC6D-4DDC-B71A-76CE7AFA3FDF}.Debug|x86.Build.0 = Debug|Any CPU
		{E34EF040-EC6D-4DDC-B71A-76CE7AFA3FDF}.Release|Any CPU.ActiveCfg = Release|Any CPU
		{E34EF040-EC6D-4DDC-B71A-76CE7AFA3FDF}.Release|Any CPU.Build.0 = Release|Any CPU
		{E34EF040-EC6D-4DDC-B71A-76CE7AFA3FDF}.Release|x86.ActiveCfg = Release|Any CPU
		{E34EF040-EC6D-4DDC-B71A-76CE7AFA3FDF}.Release|x86.Build.0 = Release|Any CPU
	EndGlobalSection
	GlobalSection(SolutionProperties) = preSolution
		HideSolutionNode = FALSE
	EndGlobalSection
	GlobalSection(ExtensibilityGlobals) = postSolution
		SolutionGuid = {20E7CF45-5BB5-4974-ACF8-4D754E28BF9A}
	EndGlobalSection
EndGlobal
